{
    "_meta": {
        "hash": {
            "sha256": "db9ba51da95b9db0889f0b3ea94d8b0147925ee8dc61884930e0bf6ac9787f15"
        },
        "pipfile-spec": 6,
        "requires": {
            "python_version": "3.10"
        },
        "sources": [
            {
                "name": "pypi",
                "url": "https://pypi.org/simple",
                "verify_ssl": true
            }
        ]
    },
    "default": {},
    "develop": {}
}
